
Microsoft Visual Studio Solution File, Format Version 12.00
# Visual Studio Version 17
VisualStudioVersion = 17.13.35931.197 d17.13
MinimumVisualStudioVersion = 10.0.40219.1
Project("{FAE04EC0-301F-11D3-BF4B-00C04F79EFBC}") = "Common.Grpc", "Common\Common.Grpc.csproj", "{B4A3E16D-A859-47CD-BD3D-833BE39F8BAC}"
EndProject
Project("{FAE04EC0-301F-11D3-BF4B-00C04F79EFBC}") = "Server", "Server\Server.csproj", "{4DEC8D0D-5FD3-4E46-AFDF-46B54AA284BC}"
EndProject
Project("{FAE04EC0-301F-11D3-BF4B-00C04F79EFBC}") = "Client", "Client\Client.csproj", "{C7F5113E-293D-4211-99F5-8803919721D0}"
EndProject
Project("{2150E333-8FDC-42A3-9474-1A3956D46DE8}") = "Common", "Common", "{02EA681E-C7D8-13C7-8484-4AC65E1B71E8}"
EndProject
Global
	GlobalSection(SolutionConfigurationPlatforms) = preSolution
		Debug|Any CPU = Debug|Any CPU
		Release|Any CPU = Release|Any CPU
	EndGlobalSection
	GlobalSection(ProjectConfigurationPlatforms) = postSolution
		{B4A3E16D-A859-47CD-BD3D-833BE39F8BAC}.Debug|Any CPU.ActiveCfg = Debug|Any CPU
		{B4A3E16D-A859-47CD-BD3D-833BE39F8BAC}.Debug|Any CPU.Build.0 = Debug|Any CPU
		{B4A3E16D-A859-47CD-BD3D-833BE39F8BAC}.Release|Any CPU.ActiveCfg = Release|Any CPU
		{B4A3E16D-A859-47CD-BD3D-833BE39F8BAC}.Release|Any CPU.Build.0 = Release|Any CPU
		{4DEC8D0D-5FD3-4E46-AFDF-46B54AA284BC}.Debug|Any CPU.ActiveCfg = Debug|Any CPU
		{4DEC8D0D-5FD3-4E46-AFDF-46B54AA284BC}.Debug|Any CPU.Build.0 = Debug|Any CPU
		{4DEC8D0D-5FD3-4E46-AFDF-46B54AA284BC}.Release|Any CPU.ActiveCfg = Release|Any CPU
		{4DEC8D0D-5FD3-4E46-AFDF-46B54AA284BC}.Release|Any CPU.Build.0 = Release|Any CPU
		{C7F5113E-293D-4211-99F5-8803919721D0}.Debug|Any CPU.ActiveCfg = Debug|Any CPU
		{C7F5113E-293D-4211-99F5-8803919721D0}.Debug|Any CPU.Build.0 = Debug|Any CPU
		{C7F5113E-293D-4211-99F5-8803919721D0}.Release|Any CPU.ActiveCfg = Release|Any CPU
		{C7F5113E-293D-4211-99F5-8803919721D0}.Release|Any CPU.Build.0 = Release|Any CPU
	EndGlobalSection
	GlobalSection(SolutionProperties) = preSolution
		HideSolutionNode = FALSE
	EndGlobalSection
	GlobalSection(NestedProjects) = preSolution
		{B4A3E16D-A859-47CD-BD3D-833BE39F8BAC} = {02EA681E-C7D8-13C7-8484-4AC65E1B71E8}
	EndGlobalSection
	GlobalSection(ExtensibilityGlobals) = postSolution
		SolutionGuid = {1739E819-EE70-4C54-AF4A-C80AA7119E59}
	EndGlobalSection
EndGlobal
